
Microsoft Visual Studio Solution File, Format Version 12.00
# Visual Studio 15
VisualStudioVersion = 15.0.27703.2047
MinimumVisualStudioVersion = 10.0.40219.1
Project("{FAE04EC0-301F-11D3-BF4B-00C04F79EFBC}") = "PublishEnv", "PublishEnv\PublishEnv.csproj", "{04C839C7-9212-4AB4-9753-D7BC76416582}"
EndProject
Global
	GlobalSection(SolutionConfigurationPlatforms) = preSolution
		Debug|Any CPU = Debug|Any CPU
		Release|Any CPU = Release|Any CPU
	EndGlobalSection
	GlobalSection(ProjectConfigurationPlatforms) = postSolution
		{04C839C7-9212-4AB4-9753-D7BC76416582}.Debug|Any CPU.ActiveCfg = Debug|Any CPU
		{04C839C7-9212-4AB4-9753-D7BC76416582}.Debug|Any CPU.Build.0 = Debug|Any CPU
		{04C839C7-9212-4AB4-9753-D7BC76416582}.Release|Any CPU.ActiveCfg = Release|Any CPU
		{04C839C7-9212-4AB4-9753-D7BC76416582}.Release|Any CPU.Build.0 = Release|Any CPU
	EndGlobalSection
	GlobalSection(SolutionProperties) = preSolution
		HideSolutionNode = FALSE
	EndGlobalSection
	GlobalSection(ExtensibilityGlobals) = postSolution
		SolutionGuid = {CD92EBB3-50D9-4D7E-8427-4FE5730CF832}
	EndGlobalSection
EndGlobal
